{
  "version": 4,
  "terraform_version": "0.13.7",
  "serial": 33,
  "lineage": "3f9aab9b-2be9-7dc5-f84e-86abb026d0db",
  "outputs": {},
  "resources": [
    {
      "mode": "managed",
      "type": "aws_acm_certificate",
      "name": "self",
      "provider": "provider[\"registry.terraform.io/hashicorp/aws\"]",
      "instances": [
        {
          "schema_version": 0,
          "attributes": {
            "arn": "arn:aws:acm:us-east-2:443427500466:certificate/ab530fcb-5144-423d-a148-a9b585cf47fd",
            "certificate_authority_arn": "",
            "certificate_body": "-----BEGIN CERTIFICATE-----\nMIIDPzCCAiegAwIBAgIQRZg6WZCjYoK505Hx3pSPljANBgkqhkiG9w0BAQsFADBA\nMR8wHQYDVQQKExZXaWxsaWFtIE1vcnJpc3NleSwgSW5jMR0wGwYDVQQDExR3aWxs\naWFtbW9ycmlzc2V5LmNvbTAeFw0yMzAyMjExODA5NDBaFw0yMzAzMDMxODA5NDBa\nMEAxHzAdBgNVBAoTFldpbGxpYW0gTW9ycmlzc2V5LCBJbmMxHTAbBgNVBAMTFHdp\nbGxpYW1tb3JyaXNzZXkuY29tMIIBIjANBgkqhkiG9w0BAQEFAAOCAQ8AMIIBCgKC\nAQEA05XOX3DSOAUiAViK1sgJx6j2yLWFIUGW84P/lEVv4UBvrqDQ5itwd4wr7Wp3\nJwnpW0ozk1pnPGQvcV4hNZkOHoMhUvRypW7pe0NnGpnrj4lysCRj5N/xrmwOp0aB\n/vL3s9De6AWtnr598OG94M7+EfWPQ+aV5Eo81MK0LZKjGdLwPA5J1GVWlBzHTWSY\n/1qq2pmFRTqoPmBEYnr+W/KU0wW8gAQInTUj9/mjF+uBnEHq3czKXIigfwNjh89a\nogf9CrkLfnnC/HkC52PypzeJNUHheIUFzR02lmZW4IXyPt8bYf74rKtnS2bR99tv\nlpviaoa7TFr2uL6F+cY3i1ZY3QIDAQABozUwMzAOBgNVHQ8BAf8EBAMCBaAwEwYD\nVR0lBAwwCgYIKwYBBQUHAwEwDAYDVR0TAQH/BAIwADANBgkqhkiG9w0BAQsFAAOC\nAQEAPS0PSBeY63hR+/IaRigbM/3iJZyp6WDbhJXgjPIgFIVkkiA7+XmBwoLt0MjD\n4jdudmq9mosJajte99HfEzKk6HFriXEnknqyKx8cjIKDXqtKr+faX/rd8JhVArP3\nPBbixcRCRFgVwV+VEqGCpo4sWdTUo7cV+rRGDxQNbxZNugI8KXH8MrCCzgeXWKv2\ne43BJvELlOnfuR6aocxzX5U5f8cNkflSVeq9eETbJS1rlkKym9f/I2AMGuUpYYAh\ngoF2dF6Ct6DKvIF16bbFSYsOc0VsxI36mKDVuf/MzK50Jq26MnWe/B+i1KPMEXVh\nXf0m47fM8XRT9Oe/K0pmjbq2Fw==\n-----END CERTIFICATE-----\n",
            "certificate_chain": null,
            "domain_name": "williammorrissey.com",
            "domain_validation_options": [],
            "early_renewal_duration": "",
            "id": "arn:aws:acm:us-east-2:443427500466:certificate/ab530fcb-5144-423d-a148-a9b585cf47fd",
            "key_algorithm": "RSA_2048",
            "not_after": "2023-03-03T18:09:40Z",
            "not_before": "2023-02-21T18:09:40Z",
            "options": [
              {
                "certificate_transparency_logging_preference": "DISABLED"
              }
            ],
            "pending_renewal": false,
            "private_key": "-----BEGIN PRIVATE KEY-----\nMIIEvQIBADANBgkqhkiG9w0BAQEFAASCBKcwggSjAgEAAoIBAQDTlc5fcNI4BSIB\nWIrWyAnHqPbItYUhQZbzg/+URW/hQG+uoNDmK3B3jCvtancnCelbSjOTWmc8ZC9x\nXiE1mQ4egyFS9HKlbul7Q2cameuPiXKwJGPk3/GubA6nRoH+8vez0N7oBa2evn3w\n4b3gzv4R9Y9D5pXkSjzUwrQtkqMZ0vA8DknUZVaUHMdNZJj/WqramYVFOqg+YERi\nev5b8pTTBbyABAidNSP3+aMX64GcQerdzMpciKB/A2OHz1qiB/0KuQt+ecL8eQLn\nY/KnN4k1QeF4hQXNHTaWZlbghfI+3xth/visq2dLZtH322+Wm+JqhrtMWva4voX5\nxjeLVljdAgMBAAECggEBANIfZ7+oj1xK3KZxhBAgwHWj+tEAU6HfPUXAxMQ+4QjV\nsRO/aTXr1dkjP0yb+pCuayzZ17ZyhSuYYvU3Acv0n+z1VNbJJEHej8h1+6KTUThO\ny7LZsMrPC3ionzTH9Ll4GT5eI8BQQ0fu7auWw7bKWc8ECq7oA9ufTiIM6lqH0aoF\n34NME4dxqW2JsSBHxVSuiota9Iucbm/sRNghZmF7fZQ264/STZJhksRqGPJuvmn+\nku1XQjCp072ol9dSizXHhSq0s10clwn8NO7nDECWwgfgCAH1R7+SIs6FwVKLq5Nv\nWdCOQNNjseGZsSDRfDYkkasDuJ7rFK/yDL8Q9nuqBRECgYEA6L1ode4b5piZqLo3\nbpDA3FOnBBOvuHvp1oLDUbruKvf/upjFIMG7E0LvOs0D3Cl3qjOMxhy+eMCdgaFs\noF+lnjQUxJwayKmDobEMNiddb3LipTA7HXALccgWQMsenxyGOxXQ+1uB3rzktpJd\n9tV/n8bAP3RP3SHxzXuCH+F6V1MCgYEA6LspFNFjWNt7cl0k3it/dMaVXNbJuJCn\nyD7hc+HxLNOQVl2iEYxnTnALuUFTCjf5awUeRSJuTSj5uW8Fl0hOGBeA7mhXkRaT\nhYNTri7wOjUHnbJLyfqR+Mlu6KjmwgMCnsCLYNM2omrfncUry4Oa4mZEfrJxAen4\n1bCzbrLneQ8CgYANJK0ig8jVk+aRjbqVpt0NVDgJVedFftHsyEOpeOn8STcK3Ze8\nStR6uPvzkSJXq4vTc8fOZE8pWI9Mg8YzpFMhBQXrOHmWvWPunKX45O403gMImxmr\nhulOiqMfE5luGNlHuuqrVzaVUouD9+4Qg2wKpNm0e6gK7+DM3t2xWTVkewKBgDg3\n1cGgnuX9BsHmfBxq13wG6FenzsyVrOHzRpSulIqmhGxIa/jfOKk66aoTfJKwWMCg\nWOKMYaaj6kb/6ZLUtYCeVNfCPrzefj43LgSadA8rdi6CvkoJDC/TwMXU3wEopv5g\nNorqGn17YY8D7QNZRBXCbHNKeX/j2+cKqx1nfADDAoGAf4q7CHWX4qfTTWuTJKGp\nb8qa8MAt0tFnicnX/QH/ACkOyQeqiBUK9gZdO7Kda7UGbDgvfKgDWWCJcnvFyg1x\n17S9WvwkI8BDrjVAY96EnYXpb1rF6n1Ysrp2nTPQnuVq54Lo2aWuvWo4Dxhz66x+\no39xQtrvyo0UfEw+Of3lxA8=\n-----END PRIVATE KEY-----\n",
            "renewal_eligibility": "INELIGIBLE",
            "renewal_summary": [],
            "status": "ISSUED",
            "subject_alternative_names": [
              "williammorrissey.com"
            ],
            "tags": {},
            "tags_all": {},
            "type": "IMPORTED",
            "validation_emails": [],
            "validation_method": "NONE",
            "validation_option": []
          },
          "private": "bnVsbA==",
          "dependencies": [
            "tls_self_signed_cert.william"
          ]
        }
      ]
    },
    {
      "mode": "managed",
      "type": "aws_instance",
      "name": "web",
      "provider": "provider[\"registry.terraform.io/hashicorp/aws\"]",
      "instances": [
        {
          "schema_version": 1,
          "attributes": {
            "ami": "ami-0d03b1ad793d7ac93",
            "arn": "arn:aws:ec2:us-east-2:443427500466:instance/i-0aa74e8e900e88784",
            "associate_public_ip_address": true,
            "availability_zone": "us-east-2a",
            "capacity_reservation_specification": [
              {
                "capacity_reservation_preference": "open",
                "capacity_reservation_target": []
              }
            ],
            "cpu_core_count": 1,
            "cpu_threads_per_core": 1,
            "credit_specification": [
              {
                "cpu_credits": "standard"
              }
            ],
            "disable_api_stop": false,
            "disable_api_termination": false,
            "ebs_block_device": [],
            "ebs_optimized": false,
            "enclave_options": [
              {
                "enabled": false
              }
            ],
            "ephemeral_block_device": [],
            "get_password_data": false,
            "hibernation": false,
            "host_id": "",
            "host_resource_group_arn": null,
            "iam_instance_profile": "",
            "id": "i-0aa74e8e900e88784",
            "instance_initiated_shutdown_behavior": "stop",
            "instance_state": "running",
            "instance_type": "t2.micro",
            "ipv6_address_count": 0,
            "ipv6_addresses": [],
            "key_name": "ansi-aws-centos",
            "launch_template": [],
            "maintenance_options": [
              {
                "auto_recovery": "default"
              }
            ],
            "metadata_options": [
              {
                "http_endpoint": "enabled",
                "http_put_response_hop_limit": 1,
                "http_tokens": "optional",
                "instance_metadata_tags": "disabled"
              }
            ],
            "monitoring": false,
            "network_interface": [],
            "outpost_arn": "",
            "password_data": "",
            "placement_group": "",
            "placement_partition_number": 0,
            "primary_network_interface_id": "eni-0cd2be7322e3ce324",
            "private_dns": "ip-172-31-11-152.us-east-2.compute.internal",
            "private_dns_name_options": [
              {
                "enable_resource_name_dns_a_record": false,
                "enable_resource_name_dns_aaaa_record": false,
                "hostname_type": "ip-name"
              }
            ],
            "private_ip": "172.31.11.152",
            "public_dns": "ec2-18-191-168-51.us-east-2.compute.amazonaws.com",
            "public_ip": "18.191.168.51",
            "root_block_device": [
              {
                "delete_on_termination": true,
                "device_name": "/dev/sda1",
                "encrypted": false,
                "iops": 100,
                "kms_key_id": "",
                "tags": {},
                "throughput": 0,
                "volume_id": "vol-0b6b4e4b6f77cca1c",
                "volume_size": 10,
                "volume_type": "gp2"
              }
            ],
            "secondary_private_ips": [],
            "security_groups": [
              "helloworld"
            ],
            "source_dest_check": true,
            "subnet_id": "subnet-0038c568fd40b5ae7",
            "tags": {
              "Name": "Helloworld"
            },
            "tags_all": {
              "Name": "Helloworld"
            },
            "tenancy": "default",
            "timeouts": null,
            "user_data": null,
            "user_data_base64": null,
            "user_data_replace_on_change": null,
            "volume_tags": {},
            "vpc_security_group_ids": [
              "sg-0ccc71e311811be87"
            ]
          },
          "private": "eyJlMmJmYjczMC1lY2FhLTExZTYtOGY4OC0zNDM2M2JjN2M0YzAiOnsiY3JlYXRlIjo2MDAwMDAwMDAwMDAsImRlbGV0ZSI6MTIwMDAwMDAwMDAwMCwidXBkYXRlIjo2MDAwMDAwMDAwMDB9LCJzY2hlbWFfdmVyc2lvbiI6IjEifQ==",
          "dependencies": [
            "aws_security_group.helloworld"
          ]
        }
      ]
    },
    {
      "mode": "managed",
      "type": "aws_lb",
      "name": "lb",
      "provider": "provider[\"registry.terraform.io/hashicorp/aws\"]",
      "instances": [
        {
          "schema_version": 0,
          "attributes": {
            "access_logs": [
              {
                "bucket": "",
                "enabled": false,
                "prefix": ""
              }
            ],
            "arn": "arn:aws:elasticloadbalancing:us-east-2:443427500466:loadbalancer/app/helloworld/c78426ea57d980cd",
            "arn_suffix": "app/helloworld/c78426ea57d980cd",
            "customer_owned_ipv4_pool": "",
            "desync_mitigation_mode": "defensive",
            "dns_name": "helloworld-270535109.us-east-2.elb.amazonaws.com",
            "drop_invalid_header_fields": false,
            "enable_cross_zone_load_balancing": true,
            "enable_deletion_protection": false,
            "enable_http2": true,
            "enable_waf_fail_open": false,
            "id": "arn:aws:elasticloadbalancing:us-east-2:443427500466:loadbalancer/app/helloworld/c78426ea57d980cd",
            "idle_timeout": 60,
            "internal": false,
            "ip_address_type": "ipv4",
            "load_balancer_type": "application",
            "name": "helloworld",
            "name_prefix": null,
            "preserve_host_header": false,
            "security_groups": [
              "sg-0ccc71e311811be87"
            ],
            "subnet_mapping": [
              {
                "allocation_id": "",
                "ipv6_address": "",
                "outpost_id": "",
                "private_ipv4_address": "",
                "subnet_id": "subnet-0038c568fd40b5ae7"
              },
              {
                "allocation_id": "",
                "ipv6_address": "",
                "outpost_id": "",
                "private_ipv4_address": "",
                "subnet_id": "subnet-0087bfd615ddbaee4"
              },
              {
                "allocation_id": "",
                "ipv6_address": "",
                "outpost_id": "",
                "private_ipv4_address": "",
                "subnet_id": "subnet-0fbe5e2b0bed61f46"
              }
            ],
            "subnets": [
              "subnet-0038c568fd40b5ae7",
              "subnet-0087bfd615ddbaee4",
              "subnet-0fbe5e2b0bed61f46"
            ],
            "tags": {},
            "tags_all": {},
            "timeouts": null,
            "vpc_id": "vpc-05171faed78691c10",
            "zone_id": "Z3AADJGX6KTTL2"
          },
          "private": "eyJlMmJmYjczMC1lY2FhLTExZTYtOGY4OC0zNDM2M2JjN2M0YzAiOnsiY3JlYXRlIjo2MDAwMDAwMDAwMDAsImRlbGV0ZSI6NjAwMDAwMDAwMDAwLCJ1cGRhdGUiOjYwMDAwMDAwMDAwMH19",
          "dependencies": [
            "aws_security_group.helloworld"
          ]
        }
      ]
    },
    {
      "mode": "managed",
      "type": "aws_lb_listener",
      "name": "http",
      "provider": "provider[\"registry.terraform.io/hashicorp/aws\"]",
      "instances": [
        {
          "schema_version": 0,
          "attributes": {
            "alpn_policy": null,
            "arn": "arn:aws:elasticloadbalancing:us-east-2:443427500466:listener/app/helloworld/c78426ea57d980cd/f7cc9bcc6abf2804",
            "certificate_arn": null,
            "default_action": [
              {
                "authenticate_cognito": [],
                "authenticate_oidc": [],
                "fixed_response": [],
                "forward": [],
                "order": 1,
                "redirect": [
                  {
                    "host": "#{host}",
                    "path": "/#{path}",
                    "port": "443",
                    "protocol": "HTTPS",
                    "query": "#{query}",
                    "status_code": "HTTP_301"
                  }
                ],
                "target_group_arn": "",
                "type": "redirect"
              }
            ],
            "id": "arn:aws:elasticloadbalancing:us-east-2:443427500466:listener/app/helloworld/c78426ea57d980cd/f7cc9bcc6abf2804",
            "load_balancer_arn": "arn:aws:elasticloadbalancing:us-east-2:443427500466:loadbalancer/app/helloworld/c78426ea57d980cd",
            "port": 80,
            "protocol": "HTTP",
            "ssl_policy": "",
            "tags": {},
            "tags_all": {},
            "timeouts": null
          },
          "private": "eyJlMmJmYjczMC1lY2FhLTExZTYtOGY4OC0zNDM2M2JjN2M0YzAiOnsicmVhZCI6NjAwMDAwMDAwMDAwfX0=",
          "dependencies": [
            "aws_lb.lb",
            "aws_security_group.helloworld"
          ]
        }
      ]
    },
    {
      "mode": "managed",
      "type": "aws_lb_listener",
      "name": "https",
      "provider": "provider[\"registry.terraform.io/hashicorp/aws\"]",
      "instances": [
        {
          "schema_version": 0,
          "attributes": {
            "alpn_policy": null,
            "arn": "arn:aws:elasticloadbalancing:us-east-2:443427500466:listener/app/helloworld/c78426ea57d980cd/0505113297882c91",
            "certificate_arn": "arn:aws:acm:us-east-2:443427500466:certificate/ab530fcb-5144-423d-a148-a9b585cf47fd",
            "default_action": [
              {
                "authenticate_cognito": [],
                "authenticate_oidc": [],
                "fixed_response": [],
                "forward": [],
                "order": 1,
                "redirect": [],
                "target_group_arn": "arn:aws:elasticloadbalancing:us-east-2:443427500466:targetgroup/TargetGroup/f966bdd4f9e7b887",
                "type": "forward"
              }
            ],
            "id": "arn:aws:elasticloadbalancing:us-east-2:443427500466:listener/app/helloworld/c78426ea57d980cd/0505113297882c91",
            "load_balancer_arn": "arn:aws:elasticloadbalancing:us-east-2:443427500466:loadbalancer/app/helloworld/c78426ea57d980cd",
            "port": 443,
            "protocol": "HTTPS",
            "ssl_policy": "ELBSecurityPolicy-2016-08",
            "tags": {},
            "tags_all": {},
            "timeouts": null
          },
          "private": "eyJlMmJmYjczMC1lY2FhLTExZTYtOGY4OC0zNDM2M2JjN2M0YzAiOnsicmVhZCI6NjAwMDAwMDAwMDAwfX0=",
          "dependencies": [
            "aws_acm_certificate.self",
            "aws_lb.lb",
            "aws_lb_target_group.web"
          ]
        }
      ]
    },
    {
      "mode": "managed",
      "type": "aws_lb_listener_certificate",
      "name": "self-signed",
      "provider": "provider[\"registry.terraform.io/hashicorp/aws\"]",
      "instances": [
        {
          "schema_version": 0,
          "attributes": {
            "certificate_arn": "arn:aws:acm:us-east-2:443427500466:certificate/ab530fcb-5144-423d-a148-a9b585cf47fd",
            "id": "arn:aws:elasticloadbalancing:us-east-2:443427500466:listener/app/helloworld/c78426ea57d980cd/0505113297882c91_arn:aws:acm:us-east-2:443427500466:certificate/ab530fcb-5144-423d-a148-a9b585cf47fd",
            "listener_arn": "arn:aws:elasticloadbalancing:us-east-2:443427500466:listener/app/helloworld/c78426ea57d980cd/0505113297882c91"
          },
          "private": "bnVsbA==",
          "dependencies": [
            "aws_acm_certificate.self",
            "aws_lb.lb",
            "aws_lb_listener.https",
            "aws_lb_target_group.web"
          ]
        }
      ]
    },
    {
      "mode": "managed",
      "type": "aws_lb_target_group",
      "name": "web",
      "provider": "provider[\"registry.terraform.io/hashicorp/aws\"]",
      "instances": [
        {
          "schema_version": 0,
          "attributes": {
            "arn": "arn:aws:elasticloadbalancing:us-east-2:443427500466:targetgroup/TargetGroup/f966bdd4f9e7b887",
            "arn_suffix": "targetgroup/TargetGroup/f966bdd4f9e7b887",
            "connection_termination": null,
            "deregistration_delay": "300",
            "health_check": [
              {
                "enabled": true,
                "healthy_threshold": 5,
                "interval": 30,
                "matcher": "200",
                "path": "/",
                "port": "traffic-port",
                "protocol": "HTTP",
                "timeout": 5,
                "unhealthy_threshold": 2
              }
            ],
            "id": "arn:aws:elasticloadbalancing:us-east-2:443427500466:targetgroup/TargetGroup/f966bdd4f9e7b887",
            "ip_address_type": "ipv4",
            "lambda_multi_value_headers_enabled": false,
            "load_balancing_algorithm_type": "round_robin",
            "name": "TargetGroup",
            "name_prefix": null,
            "port": 80,
            "preserve_client_ip": null,
            "protocol": "HTTP",
            "protocol_version": "HTTP1",
            "proxy_protocol_v2": false,
            "slow_start": 0,
            "stickiness": [
              {
                "cookie_duration": 86400,
                "cookie_name": "",
                "enabled": false,
                "type": "lb_cookie"
              }
            ],
            "tags": {},
            "tags_all": {},
            "target_failover": [
              {
                "on_deregistration": null,
                "on_unhealthy": null
              }
            ],
            "target_type": "instance",
            "vpc_id": "vpc-05171faed78691c10"
          },
          "private": "bnVsbA=="
        }
      ]
    },
    {
      "mode": "managed",
      "type": "aws_lb_target_group_attachment",
      "name": "web",
      "provider": "provider[\"registry.terraform.io/hashicorp/aws\"]",
      "instances": [
        {
          "schema_version": 0,
          "attributes": {
            "availability_zone": null,
            "id": "arn:aws:elasticloadbalancing:us-east-2:443427500466:targetgroup/TargetGroup/f966bdd4f9e7b887-20230221172133351600000001",
            "port": 80,
            "target_group_arn": "arn:aws:elasticloadbalancing:us-east-2:443427500466:targetgroup/TargetGroup/f966bdd4f9e7b887",
            "target_id": "i-0aa74e8e900e88784"
          },
          "private": "bnVsbA==",
          "dependencies": [
            "aws_instance.web",
            "aws_lb_target_group.web"
          ]
        }
      ]
    },
    {
      "mode": "managed",
      "type": "aws_security_group",
      "name": "helloworld",
      "provider": "provider[\"registry.terraform.io/hashicorp/aws\"]",
      "instances": [
        {
          "schema_version": 1,
          "attributes": {
            "arn": "arn:aws:ec2:us-east-2:443427500466:security-group/sg-0ccc71e311811be87",
            "description": "Allow access for ssh and http",
            "egress": [
              {
                "cidr_blocks": [
                  "0.0.0.0/0"
                ],
                "description": "",
                "from_port": 0,
                "ipv6_cidr_blocks": [
                  "::/0"
                ],
                "prefix_list_ids": [],
                "protocol": "-1",
                "security_groups": [],
                "self": false,
                "to_port": 0
              }
            ],
            "id": "sg-0ccc71e311811be87",
            "ingress": [
              {
                "cidr_blocks": [
                  "0.0.0.0/0"
                ],
                "description": "allow http traffic",
                "from_port": 80,
                "ipv6_cidr_blocks": [],
                "prefix_list_ids": [],
                "protocol": "tcp",
                "security_groups": [],
                "self": false,
                "to_port": 80
              },
              {
                "cidr_blocks": [
                  "0.0.0.0/0"
                ],
                "description": "allow https traffic",
                "from_port": 443,
                "ipv6_cidr_blocks": [],
                "prefix_list_ids": [],
                "protocol": "tcp",
                "security_groups": [],
                "self": false,
                "to_port": 443
              },
              {
                "cidr_blocks": [
                  "76.217.11.46/32"
                ],
                "description": "allow ssh traffic",
                "from_port": 22,
                "ipv6_cidr_blocks": [],
                "prefix_list_ids": [],
                "protocol": "tcp",
                "security_groups": [],
                "self": false,
                "to_port": 22
              }
            ],
            "name": "helloworld",
            "name_prefix": "",
            "owner_id": "443427500466",
            "revoke_rules_on_delete": false,
            "tags": {
              "Name": "allow_traffic_from_home"
            },
            "tags_all": {
              "Name": "allow_traffic_from_home"
            },
            "timeouts": null,
            "vpc_id": "vpc-05171faed78691c10"
          },
          "private": "eyJlMmJmYjczMC1lY2FhLTExZTYtOGY4OC0zNDM2M2JjN2M0YzAiOnsiY3JlYXRlIjo2MDAwMDAwMDAwMDAsImRlbGV0ZSI6OTAwMDAwMDAwMDAwfSwic2NoZW1hX3ZlcnNpb24iOiIxIn0="
        }
      ]
    },
    {
      "mode": "managed",
      "type": "aws_vpc",
      "name": "helloworld",
      "provider": "provider[\"registry.terraform.io/hashicorp/aws\"]",
      "instances": [
        {
          "schema_version": 1,
          "attributes": {
            "arn": "arn:aws:ec2:us-east-2:443427500466:vpc/vpc-05171faed78691c10",
            "assign_generated_ipv6_cidr_block": false,
            "cidr_block": "172.31.0.0/16",
            "default_network_acl_id": "acl-03d16a4e3d5fbbf49",
            "default_route_table_id": "rtb-081d254f78b05f330",
            "default_security_group_id": "sg-05f4914ba8a421816",
            "dhcp_options_id": "dopt-042a8e5aa6f814f87",
            "enable_classiclink": false,
            "enable_classiclink_dns_support": false,
            "enable_dns_hostnames": true,
            "enable_dns_support": true,
            "enable_network_address_usage_metrics": false,
            "id": "vpc-05171faed78691c10",
            "instance_tenancy": "default",
            "ipv4_ipam_pool_id": null,
            "ipv4_netmask_length": null,
            "ipv6_association_id": "",
            "ipv6_cidr_block": "",
            "ipv6_cidr_block_network_border_group": "",
            "ipv6_ipam_pool_id": "",
            "ipv6_netmask_length": 0,
            "main_route_table_id": "rtb-081d254f78b05f330",
            "owner_id": "443427500466",
            "tags": {},
            "tags_all": {}
          }
        }
      ]
    },
    {
      "mode": "managed",
      "type": "tls_self_signed_cert",
      "name": "william",
      "provider": "provider[\"registry.terraform.io/hashicorp/tls\"]",
      "instances": [
        {
          "schema_version": 0,
          "attributes": {
            "allowed_uses": [
              "key_encipherment",
              "digital_signature",
              "server_auth"
            ],
            "cert_pem": "-----BEGIN CERTIFICATE-----\nMIIDPzCCAiegAwIBAgIQRZg6WZCjYoK505Hx3pSPljANBgkqhkiG9w0BAQsFADBA\nMR8wHQYDVQQKExZXaWxsaWFtIE1vcnJpc3NleSwgSW5jMR0wGwYDVQQDExR3aWxs\naWFtbW9ycmlzc2V5LmNvbTAeFw0yMzAyMjExODA5NDBaFw0yMzAzMDMxODA5NDBa\nMEAxHzAdBgNVBAoTFldpbGxpYW0gTW9ycmlzc2V5LCBJbmMxHTAbBgNVBAMTFHdp\nbGxpYW1tb3JyaXNzZXkuY29tMIIBIjANBgkqhkiG9w0BAQEFAAOCAQ8AMIIBCgKC\nAQEA05XOX3DSOAUiAViK1sgJx6j2yLWFIUGW84P/lEVv4UBvrqDQ5itwd4wr7Wp3\nJwnpW0ozk1pnPGQvcV4hNZkOHoMhUvRypW7pe0NnGpnrj4lysCRj5N/xrmwOp0aB\n/vL3s9De6AWtnr598OG94M7+EfWPQ+aV5Eo81MK0LZKjGdLwPA5J1GVWlBzHTWSY\n/1qq2pmFRTqoPmBEYnr+W/KU0wW8gAQInTUj9/mjF+uBnEHq3czKXIigfwNjh89a\nogf9CrkLfnnC/HkC52PypzeJNUHheIUFzR02lmZW4IXyPt8bYf74rKtnS2bR99tv\nlpviaoa7TFr2uL6F+cY3i1ZY3QIDAQABozUwMzAOBgNVHQ8BAf8EBAMCBaAwEwYD\nVR0lBAwwCgYIKwYBBQUHAwEwDAYDVR0TAQH/BAIwADANBgkqhkiG9w0BAQsFAAOC\nAQEAPS0PSBeY63hR+/IaRigbM/3iJZyp6WDbhJXgjPIgFIVkkiA7+XmBwoLt0MjD\n4jdudmq9mosJajte99HfEzKk6HFriXEnknqyKx8cjIKDXqtKr+faX/rd8JhVArP3\nPBbixcRCRFgVwV+VEqGCpo4sWdTUo7cV+rRGDxQNbxZNugI8KXH8MrCCzgeXWKv2\ne43BJvELlOnfuR6aocxzX5U5f8cNkflSVeq9eETbJS1rlkKym9f/I2AMGuUpYYAh\ngoF2dF6Ct6DKvIF16bbFSYsOc0VsxI36mKDVuf/MzK50Jq26MnWe/B+i1KPMEXVh\nXf0m47fM8XRT9Oe/K0pmjbq2Fw==\n-----END CERTIFICATE-----\n",
            "dns_names": null,
            "early_renewal_hours": 0,
            "id": "92507144307483326122563089211799670678",
            "ip_addresses": null,
            "is_ca_certificate": false,
            "key_algorithm": "RSA",
            "private_key_pem": "RSA Private-Key: (2048 bit)\nmodulus:\n    00:d3:95:ce:5f:70:d2:38:05:22:01:58:8a:d6:c8:\n    09:c7:a8:f6:c8:b5:85:21:41:96:f3:83:ff:94:45:\n    6f:e1:40:6f:ae:a0:d0:e6:2b:70:77:8c:2b:ed:6a:\n    77:27:09:e9:5b:4a:33:93:5a:67:3c:64:2f:71:5e:\n    21:35:99:0e:1e:83:21:52:f4:72:a5:6e:e9:7b:43:\n    67:1a:99:eb:8f:89:72:b0:24:63:e4:df:f1:ae:6c:\n    0e:a7:46:81:fe:f2:f7:b3:d0:de:e8:05:ad:9e:be:\n    7d:f0:e1:bd:e0:ce:fe:11:f5:8f:43:e6:95:e4:4a:\n    3c:d4:c2:b4:2d:92:a3:19:d2:f0:3c:0e:49:d4:65:\n    56:94:1c:c7:4d:64:98:ff:5a:aa:da:99:85:45:3a:\n    a8:3e:60:44:62:7a:fe:5b:f2:94:d3:05:bc:80:04:\n    08:9d:35:23:f7:f9:a3:17:eb:81:9c:41:ea:dd:cc:\n    ca:5c:88:a0:7f:03:63:87:cf:5a:a2:07:fd:0a:b9:\n    0b:7e:79:c2:fc:79:02:e7:63:f2:a7:37:89:35:41:\n    e1:78:85:05:cd:1d:36:96:66:56:e0:85:f2:3e:df:\n    1b:61:fe:f8:ac:ab:67:4b:66:d1:f7:db:6f:96:9b:\n    e2:6a:86:bb:4c:5a:f6:b8:be:85:f9:c6:37:8b:56:\n    58:dd\npublicExponent: 65537 (0x10001)\nprivateExponent:\n    00:d2:1f:67:bf:a8:8f:5c:4a:dc:a6:71:84:10:20:\n    c0:75:a3:fa:d1:00:53:a1:df:3d:45:c0:c4:c4:3e:\n    e1:08:d5:b1:13:bf:69:35:eb:d5:d9:23:3f:4c:9b:\n    fa:90:ae:6b:2c:d9:d7:b6:72:85:2b:98:62:f5:37:\n    01:cb:f4:9f:ec:f5:54:d6:c9:24:41:de:8f:c8:75:\n    fb:a2:93:51:38:4e:cb:b2:d9:b0:ca:cf:0b:78:a8:\n    9f:34:c7:f4:b9:78:19:3e:5e:23:c0:50:43:47:ee:\n    ed:ab:96:c3:b6:ca:59:cf:04:0a:ae:e8:03:db:9f:\n    4e:22:0c:ea:5a:87:d1:aa:05:df:83:4c:13:87:71:\n    a9:6d:89:b1:20:47:c5:54:ae:8a:8b:5a:f4:8b:9c:\n    6e:6f:ec:44:d8:21:66:61:7b:7d:94:36:eb:8f:d2:\n    4d:92:61:92:c4:6a:18:f2:6e:be:69:fe:92:ed:57:\n    42:30:a9:d3:bd:a8:97:d7:52:8b:35:c7:85:2a:b4:\n    b3:5d:1c:97:09:fc:34:ee:e7:0c:40:96:c2:07:e0:\n    08:01:f5:47:bf:92:22:ce:85:c1:52:8b:ab:93:6f:\n    59:d0:8e:40:d3:63:b1:e1:99:b1:20:d1:7c:36:24:\n    91:ab:03:b8:9e:eb:14:af:f2:0c:bf:10:f6:7b:aa:\n    05:11\nprime1:\n    00:e8:bd:68:75:ee:1b:e6:98:99:a8:ba:37:6e:90:\n    c0:dc:53:a7:04:13:af:b8:7b:e9:d6:82:c3:51:ba:\n    ee:2a:f7:ff:ba:98:c5:20:c1:bb:13:42:ef:3a:cd:\n    03:dc:29:77:aa:33:8c:c6:1c:be:78:c0:9d:81:a1:\n    6c:a0:5f:a5:9e:34:14:c4:9c:1a:c8:a9:83:a1:b1:\n    0c:36:27:5d:6f:72:e2:a5:30:3b:1d:70:0b:71:c8:\n    16:40:cb:1e:9f:1c:86:3b:15:d0:fb:5b:81:de:bc:\n    e4:b6:92:5d:f6:d5:7f:9f:c6:c0:3f:74:4f:dd:21:\n    f1:cd:7b:82:1f:e1:7a:57:53\nprime2:\n    00:e8:bb:29:14:d1:63:58:db:7b:72:5d:24:de:2b:\n    7f:74:c6:95:5c:d6:c9:b8:90:a7:c8:3e:e1:73:e1:\n    f1:2c:d3:90:56:5d:a2:11:8c:67:4e:70:0b:b9:41:\n    53:0a:37:f9:6b:05:1e:45:22:6e:4d:28:f9:b9:6f:\n    05:97:48:4e:18:17:80:ee:68:57:91:16:93:85:83:\n    53:ae:2e:f0:3a:35:07:9d:b2:4b:c9:fa:91:f8:c9:\n    6e:e8:a8:e6:c2:03:02:9e:c0:8b:60:d3:36:a2:6a:\n    df:9d:c5:2b:cb:83:9a:e2:66:44:7e:b2:71:01:e9:\n    f8:d5:b0:b3:6e:b2:e7:79:0f\nexponent1:\n    0d:24:ad:22:83:c8:d5:93:e6:91:8d:ba:95:a6:dd:\n    0d:54:38:09:55:e7:45:7e:d1:ec:c8:43:a9:78:e9:\n    fc:49:37:0a:dd:97:bc:4a:d4:7a:b8:fb:f3:91:22:\n    57:ab:8b:d3:73:c7:ce:64:4f:29:58:8f:4c:83:c6:\n    33:a4:53:21:05:05:eb:38:79:96:bd:63:ee:9c:a5:\n    f8:e4:ee:34:de:03:08:9b:19:ab:86:e9:4e:8a:a3:\n    1f:13:99:6e:18:d9:47:ba:ea:ab:57:36:95:52:8b:\n    83:f7:ee:10:83:6c:0a:a4:d9:b4:7b:a8:0a:ef:e0:\n    cc:de:dd:b1:59:35:64:7b\nexponent2:\n    38:37:d5:c1:a0:9e:e5:fd:06:c1:e6:7c:1c:6a:d7:\n    7c:06:e8:57:a7:ce:cc:95:ac:e1:f3:46:94:ae:94:\n    8a:a6:84:6c:48:6b:f8:df:38:a9:3a:e9:aa:13:7c:\n    92:b0:58:c0:a0:58:e2:8c:61:a6:a3:ea:46:ff:e9:\n    92:d4:b5:80:9e:54:d7:c2:3e:bc:de:7e:3e:37:2e:\n    04:9a:74:0f:2b:76:2e:82:be:4a:09:0c:2f:d3:c0:\n    c5:d4:df:01:28:a6:fe:60:36:8a:ea:1a:7d:7b:61:\n    8f:03:ed:03:59:44:15:c2:6c:73:4a:79:7f:e3:db:\n    e7:0a:ab:1d:67:7c:00:c3\ncoefficient:\n    7f:8a:bb:08:75:97:e2:a7:d3:4d:6b:93:24:a1:a9:\n    6f:ca:9a:f0:c0:2d:d2:d1:67:89:c9:d7:fd:01:ff:\n    00:29:0e:c9:07:aa:88:15:0a:f6:06:5d:3b:b2:9d:\n    6b:b5:06:6c:38:2f:7c:a8:03:59:60:89:72:7b:c5:\n    ca:0d:71:d7:b4:bd:5a:fc:24:23:c0:43:ae:35:40:\n    63:de:84:9d:85:e9:6f:5a:c5:ea:7d:58:b2:ba:76:\n    9d:33:d0:9e:e5:6a:e7:82:e8:d9:a5:ae:bd:6a:38:\n    0f:18:73:eb:ac:7e:a3:7f:71:42:da:ef:ca:8d:14:\n    7c:4c:3e:39:fd:e5:c4:0f\n-----BEGIN RSA PRIVATE KEY-----\nMIIEowIBAAKCAQEA05XOX3DSOAUiAViK1sgJx6j2yLWFIUGW84P/lEVv4UBvrqDQ\n5itwd4wr7Wp3JwnpW0ozk1pnPGQvcV4hNZkOHoMhUvRypW7pe0NnGpnrj4lysCRj\n5N/xrmwOp0aB/vL3s9De6AWtnr598OG94M7+EfWPQ+aV5Eo81MK0LZKjGdLwPA5J\n1GVWlBzHTWSY/1qq2pmFRTqoPmBEYnr+W/KU0wW8gAQInTUj9/mjF+uBnEHq3czK\nXIigfwNjh89aogf9CrkLfnnC/HkC52PypzeJNUHheIUFzR02lmZW4IXyPt8bYf74\nrKtnS2bR99tvlpviaoa7TFr2uL6F+cY3i1ZY3QIDAQABAoIBAQDSH2e/qI9cStym\ncYQQIMB1o/rRAFOh3z1FwMTEPuEI1bETv2k169XZIz9Mm/qQrmss2de2coUrmGL1\nNwHL9J/s9VTWySRB3o/Idfuik1E4Tsuy2bDKzwt4qJ80x/S5eBk+XiPAUENH7u2r\nlsO2ylnPBAqu6APbn04iDOpah9GqBd+DTBOHcaltibEgR8VUroqLWvSLnG5v7ETY\nIWZhe32UNuuP0k2SYZLEahjybr5p/pLtV0IwqdO9qJfXUos1x4UqtLNdHJcJ/DTu\n5wxAlsIH4AgB9Ue/kiLOhcFSi6uTb1nQjkDTY7HhmbEg0Xw2JJGrA7ie6xSv8gy/\nEPZ7qgURAoGBAOi9aHXuG+aYmai6N26QwNxTpwQTr7h76daCw1G67ir3/7qYxSDB\nuxNC7zrNA9wpd6ozjMYcvnjAnYGhbKBfpZ40FMScGsipg6GxDDYnXW9y4qUwOx1w\nC3HIFkDLHp8chjsV0Ptbgd685LaSXfbVf5/GwD90T90h8c17gh/heldTAoGBAOi7\nKRTRY1jbe3JdJN4rf3TGlVzWybiQp8g+4XPh8SzTkFZdohGMZ05wC7lBUwo3+WsF\nHkUibk0o+blvBZdIThgXgO5oV5EWk4WDU64u8Do1B52yS8n6kfjJbuio5sIDAp7A\ni2DTNqJq353FK8uDmuJmRH6ycQHp+NWws26y53kPAoGADSStIoPI1ZPmkY26labd\nDVQ4CVXnRX7R7MhDqXjp/Ek3Ct2XvErUerj785EiV6uL03PHzmRPKViPTIPGM6RT\nIQUF6zh5lr1j7pyl+OTuNN4DCJsZq4bpToqjHxOZbhjZR7rqq1c2lVKLg/fuEINs\nCqTZtHuoCu/gzN7dsVk1ZHsCgYA4N9XBoJ7l/QbB5nwcatd8BuhXp87Mlazh80aU\nrpSKpoRsSGv43zipOumqE3ySsFjAoFjijGGmo+pG/+mS1LWAnlTXwj683n4+Ny4E\nmnQPK3Yugr5KCQwv08DF1N8BKKb+YDaK6hp9e2GPA+0DWUQVwmxzSnl/49vnCqsd\nZ3wAwwKBgH+Kuwh1l+Kn001rkyShqW/KmvDALdLRZ4nJ1/0B/wApDskHqogVCvYG\nXTuynWu1Bmw4L3yoA1lgiXJ7xcoNcde0vVr8JCPAQ641QGPehJ2F6W9axep9WLK6\ndp0z0J7laueC6Nmlrr1qOA8Yc+usfqN/cULa78qNFHxMPjn95cQP\n-----END RSA PRIVATE KEY-----\n",
            "ready_for_renewal": false,
            "set_authority_key_id": false,
            "set_subject_key_id": false,
            "subject": [
              {
                "common_name": "williammorrissey.com",
                "country": null,
                "locality": null,
                "organization": "William Morrissey, Inc",
                "organizational_unit": null,
                "postal_code": null,
                "province": null,
                "serial_number": null,
                "street_address": null
              }
            ],
            "uris": null,
            "validity_end_time": "2023-03-03T12:09:40.256136-06:00",
            "validity_period_hours": 240,
            "validity_start_time": "2023-02-21T12:09:40.256136-06:00"
          }
        }
      ]
    }
  ]
}
